
Microsoft Visual Studio Solution File, Format Version 12.00
# Visual Studio Version 17
VisualStudioVersion = 17.8.34330.188
MinimumVisualStudioVersion = 10.0.40219.1
Project("{FAE04EC0-301F-11D3-BF4B-00C04F79EFBC}") = "SimplePipelineAPI", "SimplePipelineAPI.csproj", "{2A6B7BFF-EAC3-4D5D-9174-0A0E5B6EB762}"
EndProject
Project("{FAE04EC0-301F-11D3-BF4B-00C04F79EFBC}") = "SimplePipelineAPI.Tests", "..\SimplePipelineAPI.Tests\SimplePipelineAPI.Tests.csproj", "{8342ACFB-F115-4C47-BD23-DA600767B5B7}"
EndProject
Global
	GlobalSection(SolutionConfigurationPlatforms) = preSolution
		Debug|Any CPU = Debug|Any CPU
		Release|Any CPU = Release|Any CPU
	EndGlobalSection
	GlobalSection(ProjectConfigurationPlatforms) = postSolution
		{2A6B7BFF-EAC3-4D5D-9174-0A0E5B6EB762}.Debug|Any CPU.ActiveCfg = Debug|Any CPU
		{2A6B7BFF-EAC3-4D5D-9174-0A0E5B6EB762}.Debug|Any CPU.Build.0 = Debug|Any CPU
		{2A6B7BFF-EAC3-4D5D-9174-0A0E5B6EB762}.Release|Any CPU.ActiveCfg = Release|Any CPU
		{2A6B7BFF-EAC3-4D5D-9174-0A0E5B6EB762}.Release|Any CPU.Build.0 = Release|Any CPU
		{8342ACFB-F115-4C47-BD23-DA600767B5B7}.Debug|Any CPU.ActiveCfg = Debug|Any CPU
		{8342ACFB-F115-4C47-BD23-DA600767B5B7}.Debug|Any CPU.Build.0 = Debug|Any CPU
		{8342ACFB-F115-4C47-BD23-DA600767B5B7}.Release|Any CPU.ActiveCfg = Release|Any CPU
		{8342ACFB-F115-4C47-BD23-DA600767B5B7}.Release|Any CPU.Build.0 = Release|Any CPU
	EndGlobalSection
	GlobalSection(SolutionProperties) = preSolution
		HideSolutionNode = FALSE
	EndGlobalSection
	GlobalSection(ExtensibilityGlobals) = postSolution
		SolutionGuid = {EB501C17-3F72-43C2-9DD8-805ED223FBBB}
	EndGlobalSection
EndGlobal
